
Microsoft Visual Studio Solution File, Format Version 12.00
# Visual Studio Version 17
VisualStudioVersion = 17.11.35222.181
MinimumVisualStudioVersion = 10.0.40219.1
Project("{FAE04EC0-301F-11D3-BF4B-00C04F79EFBC}") = "Assignment2 - Graphs", "Assignment2 - Graphs\Assignment2 - Graphs.csproj", "{94E60D35-DA6C-4C90-ACDF-998D2FF65DEA}"
EndProject
Global
	GlobalSection(SolutionConfigurationPlatforms) = preSolution
		Debug|Any CPU = Debug|Any CPU
		Release|Any CPU = Release|Any CPU
	EndGlobalSection
	GlobalSection(ProjectConfigurationPlatforms) = postSolution
		{94E60D35-DA6C-4C90-ACDF-998D2FF65DEA}.Debug|Any CPU.ActiveCfg = Debug|Any CPU
		{94E60D35-DA6C-4C90-ACDF-998D2FF65DEA}.Debug|Any CPU.Build.0 = Debug|Any CPU
		{94E60D35-DA6C-4C90-ACDF-998D2FF65DEA}.Release|Any CPU.ActiveCfg = Release|Any CPU
		{94E60D35-DA6C-4C90-ACDF-998D2FF65DEA}.Release|Any CPU.Build.0 = Release|Any CPU
	EndGlobalSection
	GlobalSection(SolutionProperties) = preSolution
		HideSolutionNode = FALSE
	EndGlobalSection
	GlobalSection(ExtensibilityGlobals) = postSolution
		SolutionGuid = {8C61BB98-786C-4065-ACA4-2C870D7542B3}
	EndGlobalSection
EndGlobal
